// !$*UTF8*$!
{
	archiveVersion = 1;
	classes = {
	};
	objectVersion = 46;
	objects = {

/* Begin PBXBuildFile section */
		0700D8FA1E556D2200DC9928 /* AppDelegate.swift in Sources */ = {isa = PBXBuildFile; fileRef = 0700D8F91E556D2200DC9928 /* AppDelegate.swift */; };
		0700D8FC1E556D2200DC9928 /* LogInVC.swift in Sources */ = {isa = PBXBuildFile; fileRef = 0700D8FB1E556D2200DC9928 /* LogInVC.swift */; };
		0700D8FF1E556D2200DC9928 /* Main.storyboard in Resources */ = {isa = PBXBuildFile; fileRef = 0700D8FD1E556D2200DC9928 /* Main.storyboard */; };
		0700D9011E556D2200DC9928 /* Assets.xcassets in Resources */ = {isa = PBXBuildFile; fileRef = 0700D9001E556D2200DC9928 /* Assets.xcassets */; };
		0700D9041E556D2200DC9928 /* LaunchScreen.storyboard in Resources */ = {isa = PBXBuildFile; fileRef = 0700D9021E556D2200DC9928 /* LaunchScreen.storyboard */; };
		0700D90F1E556D2300DC9928 /* cityfamTests.swift in Sources */ = {isa = PBXBuildFile; fileRef = 0700D90E1E556D2300DC9928 /* cityfamTests.swift */; };
		0700D91A1E556D2300DC9928 /* cityfamUITests.swift in Sources */ = {isa = PBXBuildFile; fileRef = 0700D9191E556D2300DC9928 /* cityfamUITests.swift */; };
		0700D92B1E556D9300DC9928 /* UIButtonFontSize.swift in Sources */ = {isa = PBXBuildFile; fileRef = 0700D9271E556D9300DC9928 /* UIButtonFontSize.swift */; };
		0700D92C1E556D9300DC9928 /* UILabelFontSize.swift in Sources */ = {isa = PBXBuildFile; fileRef = 0700D9281E556D9300DC9928 /* UILabelFontSize.swift */; };
		0700D92D1E556D9300DC9928 /* UITextFieldFontSize.swift in Sources */ = {isa = PBXBuildFile; fileRef = 0700D9291E556D9300DC9928 /* UITextFieldFontSize.swift */; };
		0700D9361E556DC900DC9928 /* UIButtonCustomClass.swift in Sources */ = {isa = PBXBuildFile; fileRef = 0700D9301E556DC900DC9928 /* UIButtonCustomClass.swift */; };
		0700D9371E556DC900DC9928 /* UILabelCustomClass.swift in Sources */ = {isa = PBXBuildFile; fileRef = 0700D9311E556DC900DC9928 /* UILabelCustomClass.swift */; };
		0700D9381E556DC900DC9928 /* UIViewCustomClass.swift in Sources */ = {isa = PBXBuildFile; fileRef = 0700D9321E556DC900DC9928 /* UIViewCustomClass.swift */; };
		0700D9391E556DC900DC9928 /* UIImageViewCustomClass.swift in Sources */ = {isa = PBXBuildFile; fileRef = 0700D9331E556DC900DC9928 /* UIImageViewCustomClass.swift */; };
		0700D93A1E556DC900DC9928 /* UITextFieldCustomClass.swift in Sources */ = {isa = PBXBuildFile; fileRef = 0700D9341E556DC900DC9928 /* UITextFieldCustomClass.swift */; };
		0700D9401E556E2100DC9928 /* AlamofireIntegration.swift in Sources */ = {isa = PBXBuildFile; fileRef = 0700D93F1E556E2100DC9928 /* AlamofireIntegration.swift */; };
		0700D9431E556EF300DC9928 /* FacebookIntegration.swift in Sources */ = {isa = PBXBuildFile; fileRef = 0700D9411E556EF300DC9928 /* FacebookIntegration.swift */; };
		0700D9441E556EF300DC9928 /* GoogleSignInIntegration.swift in Sources */ = {isa = PBXBuildFile; fileRef = 0700D9421E556EF300DC9928 /* GoogleSignInIntegration.swift */; };
		07254B5E1E6804BA009417BA /* ProfileVC.swift in Sources */ = {isa = PBXBuildFile; fileRef = 07254B5D1E6804B9009417BA /* ProfileVC.swift */; };
		07254B601E6804DA009417BA /* EditProfileVC.swift in Sources */ = {isa = PBXBuildFile; fileRef = 07254B5F1E6804DA009417BA /* EditProfileVC.swift */; };
		07254B621E6804F1009417BA /* SettingsVC.swift in Sources */ = {isa = PBXBuildFile; fileRef = 07254B611E6804F1009417BA /* SettingsVC.swift */; };
		07254B641E680500009417BA /* ManageNotificationsVC.swift in Sources */ = {isa = PBXBuildFile; fileRef = 07254B631E680500009417BA /* ManageNotificationsVC.swift */; };
		07254B661E68140E009417BA /* MyGroupsVC.swift in Sources */ = {isa = PBXBuildFile; fileRef = 07254B651E68140D009417BA /* MyGroupsVC.swift */; };
		07254B681E681435009417BA /* MyPlansVC.swift in Sources */ = {isa = PBXBuildFile; fileRef = 07254B671E681435009417BA /* MyPlansVC.swift */; };
		07254B6A1E681490009417BA /* GroupDetailVC.swift in Sources */ = {isa = PBXBuildFile; fileRef = 07254B691E681490009417BA /* GroupDetailVC.swift */; };
		07254B6C1E682FBF009417BA /* AddPeopleVC.swift in Sources */ = {isa = PBXBuildFile; fileRef = 07254B6B1E682FBF009417BA /* AddPeopleVC.swift */; };
		07254B6E1E6838FF009417BA /* InviteFriendsVC.swift in Sources */ = {isa = PBXBuildFile; fileRef = 07254B6D1E6838FF009417BA /* InviteFriendsVC.swift */; };
		074E19451E66F93A009FC7D4 /* icomoon.ttf in Resources */ = {isa = PBXBuildFile; fileRef = 074E19441E66F93A009FC7D4 /* icomoon.ttf */; };
		078633EB1E65680C00680A1C /* SignupVC.swift in Sources */ = {isa = PBXBuildFile; fileRef = 078633EA1E65680C00680A1C /* SignupVC.swift */; };
		078633ED1E65688400680A1C /* TabBarControllerVC.swift in Sources */ = {isa = PBXBuildFile; fileRef = 078633EC1E65688400680A1C /* TabBarControllerVC.swift */; };
		078633EF1E6568B800680A1C /* HomePageVC.swift in Sources */ = {isa = PBXBuildFile; fileRef = 078633EE1E6568B800680A1C /* HomePageVC.swift */; };
		078633F11E6568D500680A1C /* ActivityVC.swift in Sources */ = {isa = PBXBuildFile; fileRef = 078633F01E6568D500680A1C /* ActivityVC.swift */; };
		078633F31E6568ED00680A1C /* CreateEventVC.swift in Sources */ = {isa = PBXBuildFile; fileRef = 078633F21E6568ED00680A1C /* CreateEventVC.swift */; };
		078633F51E65690B00680A1C /* FriendsVC.swift in Sources */ = {isa = PBXBuildFile; fileRef = 078633F41E65690B00680A1C /* FriendsVC.swift */; };
		078633F71E656EAE00680A1C /* InvitationsVC.swift in Sources */ = {isa = PBXBuildFile; fileRef = 078633F61E656EAE00680A1C /* InvitationsVC.swift */; };
		07AE60BD1E6D9386006F39F0 /* SearchLocationVC.swift in Sources */ = {isa = PBXBuildFile; fileRef = 07AE60BC1E6D9384006F39F0 /* SearchLocationVC.swift */; };
		07AE60BF1E6D93AD006F39F0 /* MessagesVC.swift in Sources */ = {isa = PBXBuildFile; fileRef = 07AE60BE1E6D93AD006F39F0 /* MessagesVC.swift */; };
		07C34C521E810B0900A9699C /* Constant.swift in Sources */ = {isa = PBXBuildFile; fileRef = 07C34C511E810B0900A9699C /* Constant.swift */; };
		07D461561E64353C00691B46 /* user.png in Resources */ = {isa = PBXBuildFile; fileRef = 07D461551E64353C00691B46 /* user.png */; };
		07F057D81E669361008B8120 /* HomePageTableViewCell.swift in Sources */ = {isa = PBXBuildFile; fileRef = 07F057D71E669361008B8120 /* HomePageTableViewCell.swift */; };
		07F057DA1E6694BB008B8120 /* EventDetailVC.swift in Sources */ = {isa = PBXBuildFile; fileRef = 07F057D91E6694BB008B8120 /* EventDetailVC.swift */; };
		07F057DD1E66D76F008B8120 /* FilterEventsVC.swift in Sources */ = {isa = PBXBuildFile; fileRef = 07F057DC1E66D76E008B8120 /* FilterEventsVC.swift */; };
		07F057DF1E66D792008B8120 /* NotificationsVC.swift in Sources */ = {isa = PBXBuildFile; fileRef = 07F057DE1E66D792008B8120 /* NotificationsVC.swift */; };
		07F057E11E66DF95008B8120 /* AttendingVC.swift in Sources */ = {isa = PBXBuildFile; fileRef = 07F057E01E66DF94008B8120 /* AttendingVC.swift */; };
		07F057E31E66DFC9008B8120 /* InvitedVC.swift in Sources */ = {isa = PBXBuildFile; fileRef = 07F057E21E66DFC9008B8120 /* InvitedVC.swift */; };
		07F057E51E66DFDD008B8120 /* InterestedVC.swift in Sources */ = {isa = PBXBuildFile; fileRef = 07F057E41E66DFDD008B8120 /* InterestedVC.swift */; };
		07F057E71E66DFF1008B8120 /* CommentsVC.swift in Sources */ = {isa = PBXBuildFile; fileRef = 07F057E61E66DFF1008B8120 /* CommentsVC.swift */; };
		07F7A1141E60692D00448FFF /* homePic.png in Resources */ = {isa = PBXBuildFile; fileRef = 07F7A1131E60692D00448FFF /* homePic.png */; };
		4DBC018DAEB12F70CCFCCFC7 /* Pods_cityfam.framework in Frameworks */ = {isa = PBXBuildFile; fileRef = DB705ACBA8A558DB8BB929BF /* Pods_cityfam.framework */; };
		A154BB001E9CB1C600E3727F /* EventDetailTypeOfUsersTableViewCell.swift in Sources */ = {isa = PBXBuildFile; fileRef = A154BAFF1E9CB1C600E3727F /* EventDetailTypeOfUsersTableViewCell.swift */; };
		A154BB021E9CE3F700E3727F /* AttendingVcTableViewCell.swift in Sources */ = {isa = PBXBuildFile; fileRef = A154BB011E9CE3F700E3727F /* AttendingVcTableViewCell.swift */; };
		A154BB041E9CE40D00E3727F /* InvitedVcTableViewCell.swift in Sources */ = {isa = PBXBuildFile; fileRef = A154BB031E9CE40D00E3727F /* InvitedVcTableViewCell.swift */; };
		A154BB061E9CE41A00E3727F /* InterestedVcTableViewCell.swift in Sources */ = {isa = PBXBuildFile; fileRef = A154BB051E9CE41A00E3727F /* InterestedVcTableViewCell.swift */; };
		A1761C641E94BAA10079E269 /* Strings.swift in Sources */ = {isa = PBXBuildFile; fileRef = A1761C631E94BAA10079E269 /* Strings.swift */; };
		A1761C661E94C14C0079E269 /* CommonFxns.swift in Sources */ = {isa = PBXBuildFile; fileRef = A1761C651E94C14C0079E269 /* CommonFxns.swift */; };
		A17B65971E9B6CC3001893CF /* EventsListTableViewCell.swift in Sources */ = {isa = PBXBuildFile; fileRef = A17B65961E9B6CC3001893CF /* EventsListTableViewCell.swift */; };
		A17B65991E9B6D5A001893CF /* EventsListVC.swift in Sources */ = {isa = PBXBuildFile; fileRef = A17B65981E9B6D5A001893CF /* EventsListVC.swift */; };
		A17C17A81E98A3DE0033F669 /* ContactsUI.framework in Frameworks */ = {isa = PBXBuildFile; fileRef = A17C17A71E98A3DE0033F669 /* ContactsUI.framework */; };
		A17C17E91E98DDEA0033F669 /* InviteFriendsTableViewcell.swift in Sources */ = {isa = PBXBuildFile; fileRef = A17C17E81E98DDEA0033F669 /* InviteFriendsTableViewcell.swift */; };
		A17D70381E9617E300D730FE /* GoogleService-Info.plist in Resources */ = {isa = PBXBuildFile; fileRef = A17D70371E9617E300D730FE /* GoogleService-Info.plist */; };
		A17D703A1E9624AB00D730FE /* ForgotPasswordVC.swift in Sources */ = {isa = PBXBuildFile; fileRef = A17D70391E9624AB00D730FE /* ForgotPasswordVC.swift */; };
		A17D703C1E9633BC00D730FE /* LocationVC.swift in Sources */ = {isa = PBXBuildFile; fileRef = A17D703B1E9633BC00D730FE /* LocationVC.swift */; };
		A17D703F1E9634C000D730FE /* InvitationsScreenTableViewCell.swift in Sources */ = {isa = PBXBuildFile; fileRef = A17D703E1E9634C000D730FE /* InvitationsScreenTableViewCell.swift */; };
		A17D70401E9637D800D730FE /* Mark Simonson - Proxima Nova Regular.otf in Resources */ = {isa = PBXBuildFile; fileRef = 07F7A10F1E60493F00448FFF /* Mark Simonson - Proxima Nova Regular.otf */; };
		A17D70411E9637D800D730FE /* ProximaNova-Bold.otf in Resources */ = {isa = PBXBuildFile; fileRef = 07F7A1101E60493F00448FFF /* ProximaNova-Bold.otf */; };
		A17D70421E9637D800D730FE /* ufonts.com_gotham-medium_0.ttf in Resources */ = {isa = PBXBuildFile; fileRef = 07F7A1111E60493F00448FFF /* ufonts.com_gotham-medium_0.ttf */; };
		A18727CF1E975C32008CBA77 /* EventsAlamofireIntegration.swift in Sources */ = {isa = PBXBuildFile; fileRef = A18727CE1E975C32008CBA77 /* EventsAlamofireIntegration.swift */; };
		A1D063B11E97C027004BF404 /* MapViewVC.swift in Sources */ = {isa = PBXBuildFile; fileRef = A1D063B01E97C027004BF404 /* MapViewVC.swift */; };
		A1D063B31E97C368004BF404 /* Contacts.framework in Frameworks */ = {isa = PBXBuildFile; fileRef = A1D063B21E97C368004BF404 /* Contacts.framework */; };
		C713ABEF1FCA1145E03B12AE /* Pods_cityfamTests.framework in Frameworks */ = {isa = PBXBuildFile; fileRef = EAA53D3085126ABA04058E83 /* Pods_cityfamTests.framework */; };
		E8995F75844FEAEA759543F2 /* Pods_cityfamUITests.framework in Frameworks */ = {isa = PBXBuildFile; fileRef = C0A00B5EC1AAE01FA57C8022 /* Pods_cityfamUITests.framework */; };
/* End PBXBuildFile section */

/* Begin PBXContainerItemProxy section */
		0700D90B1E556D2300DC9928 /* PBXContainerItemProxy */ = {
			isa = PBXContainerItemProxy;
			containerPortal = 0700D8EE1E556D2100DC9928 /* Project object */;
			proxyType = 1;
			remoteGlobalIDString = 0700D8F51E556D2200DC9928;
			remoteInfo = cityfam;
		};
		0700D9161E556D2300DC9928 /* PBXContainerItemProxy */ = {
			isa = PBXContainerItemProxy;
			containerPortal = 0700D8EE1E556D2100DC9928 /* Project object */;
			proxyType = 1;
			remoteGlobalIDString = 0700D8F51E556D2200DC9928;
			remoteInfo = cityfam;
		};
/* End PBXContainerItemProxy section */

/* Begin PBXFileReference section */
		0700D8F61E556D2200DC9928 /* cityfam.app */ = {isa = PBXFileReference; explicitFileType = wrapper.application; includeInIndex = 0; path = cityfam.app; sourceTree = BUILT_PRODUCTS_DIR; };
		0700D8F91E556D2200DC9928 /* AppDelegate.swift */ = {isa = PBXFileReference; lastKnownFileType = sourcecode.swift; path = AppDelegate.swift; sourceTree = "<group>"; };
		0700D8FB1E556D2200DC9928 /* LogInVC.swift */ = {isa = PBXFileReference; lastKnownFileType = sourcecode.swift; path = LogInVC.swift; sourceTree = "<group>"; };
		0700D8FE1E556D2200DC9928 /* Base */ = {isa = PBXFileReference; lastKnownFileType = file.storyboard; name = Base; path = Base.lproj/Main.storyboard; sourceTree = "<group>"; };
		0700D9001E556D2200DC9928 /* Assets.xcassets */ = {isa = PBXFileReference; lastKnownFileType = folder.assetcatalog; path = Assets.xcassets; sourceTree = "<group>"; };
		0700D9031E556D2200DC9928 /* Base */ = {isa = PBXFileReference; lastKnownFileType = file.storyboard; name = Base; path = Base.lproj/LaunchScreen.storyboard; sourceTree = "<group>"; };
		0700D9051E556D2200DC9928 /* Info.plist */ = {isa = PBXFileReference; lastKnownFileType = text.plist.xml; path = Info.plist; sourceTree = "<group>"; };
		0700D90A1E556D2300DC9928 /* cityfamTests.xctest */ = {isa = PBXFileReference; explicitFileType = wrapper.cfbundle; includeInIndex = 0; path = cityfamTests.xctest; sourceTree = BUILT_PRODUCTS_DIR; };
		0700D90E1E556D2300DC9928 /* cityfamTests.swift */ = {isa = PBXFileReference; lastKnownFileType = sourcecode.swift; path = cityfamTests.swift; sourceTree = "<group>"; };
		0700D9101E556D2300DC9928 /* Info.plist */ = {isa = PBXFileReference; lastKnownFileType = text.plist.xml; path = Info.plist; sourceTree = "<group>"; };
		0700D9151E556D2300DC9928 /* cityfamUITests.xctest */ = {isa = PBXFileReference; explicitFileType = wrapper.cfbundle; includeInIndex = 0; path = cityfamUITests.xctest; sourceTree = BUILT_PRODUCTS_DIR; };
		0700D9191E556D2300DC9928 /* cityfamUITests.swift */ = {isa = PBXFileReference; lastKnownFileType = sourcecode.swift; path = cityfamUITests.swift; sourceTree = "<group>"; };
		0700D91B1E556D2400DC9928 /* Info.plist */ = {isa = PBXFileReference; lastKnownFileType = text.plist.xml; path = Info.plist; sourceTree = "<group>"; };
		0700D9271E556D9300DC9928 /* UIButtonFontSize.swift */ = {isa = PBXFileReference; fileEncoding = 4; lastKnownFileType = sourcecode.swift; path = UIButtonFontSize.swift; sourceTree = "<group>"; };
		0700D9281E556D9300DC9928 /* UILabelFontSize.swift */ = {isa = PBXFileReference; fileEncoding = 4; lastKnownFileType = sourcecode.swift; path = UILabelFontSize.swift; sourceTree = "<group>"; };
		0700D9291E556D9300DC9928 /* UITextFieldFontSize.swift */ = {isa = PBXFileReference; fileEncoding = 4; lastKnownFileType = sourcecode.swift; path = UITextFieldFontSize.swift; sourceTree = "<group>"; };
		0700D9301E556DC900DC9928 /* UIButtonCustomClass.swift */ = {isa = PBXFileReference; fileEncoding = 4; lastKnownFileType = sourcecode.swift; path = UIButtonCustomClass.swift; sourceTree = "<group>"; };
		0700D9311E556DC900DC9928 /* UILabelCustomClass.swift */ = {isa = PBXFileReference; fileEncoding = 4; lastKnownFileType = sourcecode.swift; path = UILabelCustomClass.swift; sourceTree = "<group>"; };
		0700D9321E556DC900DC9928 /* UIViewCustomClass.swift */ = {isa = PBXFileReference; fileEncoding = 4; lastKnownFileType = sourcecode.swift; path = UIViewCustomClass.swift; sourceTree = "<group>"; };
		0700D9331E556DC900DC9928 /* UIImageViewCustomClass.swift */ = {isa = PBXFileReference; fileEncoding = 4; lastKnownFileType = sourcecode.swift; path = UIImageViewCustomClass.swift; sourceTree = "<group>"; };
		0700D9341E556DC900DC9928 /* UITextFieldCustomClass.swift */ = {isa = PBXFileReference; fileEncoding = 4; lastKnownFileType = sourcecode.swift; path = UITextFieldCustomClass.swift; sourceTree = "<group>"; };
		0700D93F1E556E2100DC9928 /* AlamofireIntegration.swift */ = {isa = PBXFileReference; fileEncoding = 4; lastKnownFileType = sourcecode.swift; path = AlamofireIntegration.swift; sourceTree = "<group>"; };
		0700D9411E556EF300DC9928 /* FacebookIntegration.swift */ = {isa = PBXFileReference; fileEncoding = 4; lastKnownFileType = sourcecode.swift; path = FacebookIntegration.swift; sourceTree = "<group>"; };
		0700D9421E556EF300DC9928 /* GoogleSignInIntegration.swift */ = {isa = PBXFileReference; fileEncoding = 4; lastKnownFileType = sourcecode.swift; path = GoogleSignInIntegration.swift; sourceTree = "<group>"; };
		0700D9451E55725C00DC9928 /* cityfam-Bridging-Header.h */ = {isa = PBXFileReference; lastKnownFileType = sourcecode.c.h; path = "cityfam-Bridging-Header.h"; sourceTree = "<group>"; };
		07254B5D1E6804B9009417BA /* ProfileVC.swift */ = {isa = PBXFileReference; fileEncoding = 4; lastKnownFileType = sourcecode.swift; path = ProfileVC.swift; sourceTree = "<group>"; };
		07254B5F1E6804DA009417BA /* EditProfileVC.swift */ = {isa = PBXFileReference; fileEncoding = 4; lastKnownFileType = sourcecode.swift; path = EditProfileVC.swift; sourceTree = "<group>"; };
		07254B611E6804F1009417BA /* SettingsVC.swift */ = {isa = PBXFileReference; fileEncoding = 4; lastKnownFileType = sourcecode.swift; path = SettingsVC.swift; sourceTree = "<group>"; };
		07254B631E680500009417BA /* ManageNotificationsVC.swift */ = {isa = PBXFileReference; fileEncoding = 4; lastKnownFileType = sourcecode.swift; path = ManageNotificationsVC.swift; sourceTree = "<group>"; };
		07254B651E68140D009417BA /* MyGroupsVC.swift */ = {isa = PBXFileReference; fileEncoding = 4; lastKnownFileType = sourcecode.swift; path = MyGroupsVC.swift; sourceTree = "<group>"; };
		07254B671E681435009417BA /* MyPlansVC.swift */ = {isa = PBXFileReference; fileEncoding = 4; lastKnownFileType = sourcecode.swift; path = MyPlansVC.swift; sourceTree = "<group>"; };
		07254B691E681490009417BA /* GroupDetailVC.swift */ = {isa = PBXFileReference; fileEncoding = 4; lastKnownFileType = sourcecode.swift; path = GroupDetailVC.swift; sourceTree = "<group>"; };
		07254B6B1E682FBF009417BA /* AddPeopleVC.swift */ = {isa = PBXFileReference; fileEncoding = 4; lastKnownFileType = sourcecode.swift; path = AddPeopleVC.swift; sourceTree = "<group>"; };
		07254B6D1E6838FF009417BA /* InviteFriendsVC.swift */ = {isa = PBXFileReference; fileEncoding = 4; lastKnownFileType = sourcecode.swift; path = InviteFriendsVC.swift; sourceTree = "<group>"; };
		074E19441E66F93A009FC7D4 /* icomoon.ttf */ = {isa = PBXFileReference; lastKnownFileType = file; path = icomoon.ttf; sourceTree = "<group>"; };
		078633EA1E65680C00680A1C /* SignupVC.swift */ = {isa = PBXFileReference; fileEncoding = 4; lastKnownFileType = sourcecode.swift; path = SignupVC.swift; sourceTree = "<group>"; };
		078633EC1E65688400680A1C /* TabBarControllerVC.swift */ = {isa = PBXFileReference; fileEncoding = 4; lastKnownFileType = sourcecode.swift; path = TabBarControllerVC.swift; sourceTree = "<group>"; };
		078633EE1E6568B800680A1C /* HomePageVC.swift */ = {isa = PBXFileReference; fileEncoding = 4; lastKnownFileType = sourcecode.swift; path = HomePageVC.swift; sourceTree = "<group>"; };
		078633F01E6568D500680A1C /* ActivityVC.swift */ = {isa = PBXFileReference; fileEncoding = 4; lastKnownFileType = sourcecode.swift; path = ActivityVC.swift; sourceTree = "<group>"; };
		078633F21E6568ED00680A1C /* CreateEventVC.swift */ = {isa = PBXFileReference; fileEncoding = 4; lastKnownFileType = sourcecode.swift; path = CreateEventVC.swift; sourceTree = "<group>"; };
		078633F41E65690B00680A1C /* FriendsVC.swift */ = {isa = PBXFileReference; fileEncoding = 4; lastKnownFileType = sourcecode.swift; path = FriendsVC.swift; sourceTree = "<group>"; };
		078633F61E656EAE00680A1C /* InvitationsVC.swift */ = {isa = PBXFileReference; fileEncoding = 4; lastKnownFileType = sourcecode.swift; path = InvitationsVC.swift; sourceTree = "<group>"; };
		07AE60BC1E6D9384006F39F0 /* SearchLocationVC.swift */ = {isa = PBXFileReference; fileEncoding = 4; lastKnownFileType = sourcecode.swift; path = SearchLocationVC.swift; sourceTree = "<group>"; };
		07AE60BE1E6D93AD006F39F0 /* MessagesVC.swift */ = {isa = PBXFileReference; fileEncoding = 4; lastKnownFileType = sourcecode.swift; path = MessagesVC.swift; sourceTree = "<group>"; };
		07C34C511E810B0900A9699C /* Constant.swift */ = {isa = PBXFileReference; fileEncoding = 4; lastKnownFileType = sourcecode.swift; path = Constant.swift; sourceTree = "<group>"; };
		07D461551E64353C00691B46 /* user.png */ = {isa = PBXFileReference; lastKnownFileType = image.png; path = user.png; sourceTree = "<group>"; };
		07F057D71E669361008B8120 /* HomePageTableViewCell.swift */ = {isa = PBXFileReference; fileEncoding = 4; lastKnownFileType = sourcecode.swift; path = HomePageTableViewCell.swift; sourceTree = "<group>"; };
		07F057D91E6694BB008B8120 /* EventDetailVC.swift */ = {isa = PBXFileReference; fileEncoding = 4; lastKnownFileType = sourcecode.swift; path = EventDetailVC.swift; sourceTree = "<group>"; };
		07F057DC1E66D76E008B8120 /* FilterEventsVC.swift */ = {isa = PBXFileReference; fileEncoding = 4; lastKnownFileType = sourcecode.swift; path = FilterEventsVC.swift; sourceTree = "<group>"; };
		07F057DE1E66D792008B8120 /* NotificationsVC.swift */ = {isa = PBXFileReference; fileEncoding = 4; lastKnownFileType = sourcecode.swift; path = NotificationsVC.swift; sourceTree = "<group>"; };
		07F057E01E66DF94008B8120 /* AttendingVC.swift */ = {isa = PBXFileReference; fileEncoding = 4; lastKnownFileType = sourcecode.swift; path = AttendingVC.swift; sourceTree = "<group>"; };
		07F057E21E66DFC9008B8120 /* InvitedVC.swift */ = {isa = PBXFileReference; fileEncoding = 4; lastKnownFileType = sourcecode.swift; path = InvitedVC.swift; sourceTree = "<group>"; };
		07F057E41E66DFDD008B8120 /* InterestedVC.swift */ = {isa = PBXFileReference; fileEncoding = 4; lastKnownFileType = sourcecode.swift; path = InterestedVC.swift; sourceTree = "<group>"; };
		07F057E61E66DFF1008B8120 /* CommentsVC.swift */ = {isa = PBXFileReference; fileEncoding = 4; lastKnownFileType = sourcecode.swift; path = CommentsVC.swift; sourceTree = "<group>"; };
		07F7A10F1E60493F00448FFF /* Mark Simonson - Proxima Nova Regular.otf */ = {isa = PBXFileReference; lastKnownFileType = file; path = "Mark Simonson - Proxima Nova Regular.otf"; sourceTree = "<group>"; };
		07F7A1101E60493F00448FFF /* ProximaNova-Bold.otf */ = {isa = PBXFileReference; lastKnownFileType = file; path = "ProximaNova-Bold.otf"; sourceTree = "<group>"; };
		07F7A1111E60493F00448FFF /* ufonts.com_gotham-medium_0.ttf */ = {isa = PBXFileReference; lastKnownFileType = file; path = "ufonts.com_gotham-medium_0.ttf"; sourceTree = "<group>"; };
		07F7A1131E60692D00448FFF /* homePic.png */ = {isa = PBXFileReference; lastKnownFileType = image.png; path = homePic.png; sourceTree = "<group>"; };
		2CC3B0BCFDD11F21F62E4FF4 /* Pods-cityfamUITests.debug.xcconfig */ = {isa = PBXFileReference; includeInIndex = 1; lastKnownFileType = text.xcconfig; name = "Pods-cityfamUITests.debug.xcconfig"; path = "Pods/Target Support Files/Pods-cityfamUITests/Pods-cityfamUITests.debug.xcconfig"; sourceTree = "<group>"; };
		4F17D8FEDE7F00ED7824DE5C /* Pods-cityfamUITests.release.xcconfig */ = {isa = PBXFileReference; includeInIndex = 1; lastKnownFileType = text.xcconfig; name = "Pods-cityfamUITests.release.xcconfig"; path = "Pods/Target Support Files/Pods-cityfamUITests/Pods-cityfamUITests.release.xcconfig"; sourceTree = "<group>"; };
		643E1FBFA6054261D01F45A5 /* Pods-cityfam.debug.xcconfig */ = {isa = PBXFileReference; includeInIndex = 1; lastKnownFileType = text.xcconfig; name = "Pods-cityfam.debug.xcconfig"; path = "Pods/Target Support Files/Pods-cityfam/Pods-cityfam.debug.xcconfig"; sourceTree = "<group>"; };
		863E99728436B5DED6101934 /* Pods-cityfamTests.release.xcconfig */ = {isa = PBXFileReference; includeInIndex = 1; lastKnownFileType = text.xcconfig; name = "Pods-cityfamTests.release.xcconfig"; path = "Pods/Target Support Files/Pods-cityfamTests/Pods-cityfamTests.release.xcconfig"; sourceTree = "<group>"; };
		952B1B0427C8157F4B1B6ED3 /* Pods-cityfam.release.xcconfig */ = {isa = PBXFileReference; includeInIndex = 1; lastKnownFileType = text.xcconfig; name = "Pods-cityfam.release.xcconfig"; path = "Pods/Target Support Files/Pods-cityfam/Pods-cityfam.release.xcconfig"; sourceTree = "<group>"; };
		A154BAFF1E9CB1C600E3727F /* EventDetailTypeOfUsersTableViewCell.swift */ = {isa = PBXFileReference; fileEncoding = 4; lastKnownFileType = sourcecode.swift; path = EventDetailTypeOfUsersTableViewCell.swift; sourceTree = "<group>"; };
		A154BB011E9CE3F700E3727F /* AttendingVcTableViewCell.swift */ = {isa = PBXFileReference; fileEncoding = 4; lastKnownFileType = sourcecode.swift; path = AttendingVcTableViewCell.swift; sourceTree = "<group>"; };
		A154BB031E9CE40D00E3727F /* InvitedVcTableViewCell.swift */ = {isa = PBXFileReference; fileEncoding = 4; lastKnownFileType = sourcecode.swift; path = InvitedVcTableViewCell.swift; sourceTree = "<group>"; };
		A154BB051E9CE41A00E3727F /* InterestedVcTableViewCell.swift */ = {isa = PBXFileReference; fileEncoding = 4; lastKnownFileType = sourcecode.swift; path = InterestedVcTableViewCell.swift; sourceTree = "<group>"; };
		A1761C631E94BAA10079E269 /* Strings.swift */ = {isa = PBXFileReference; fileEncoding = 4; lastKnownFileType = sourcecode.swift; path = Strings.swift; sourceTree = "<group>"; };
		A1761C651E94C14C0079E269 /* CommonFxns.swift */ = {isa = PBXFileReference; fileEncoding = 4; lastKnownFileType = sourcecode.swift; path = CommonFxns.swift; sourceTree = "<group>"; };
		A17B65961E9B6CC3001893CF /* EventsListTableViewCell.swift */ = {isa = PBXFileReference; fileEncoding = 4; lastKnownFileType = sourcecode.swift; path = EventsListTableViewCell.swift; sourceTree = "<group>"; };
		A17B65981E9B6D5A001893CF /* EventsListVC.swift */ = {isa = PBXFileReference; fileEncoding = 4; lastKnownFileType = sourcecode.swift; path = EventsListVC.swift; sourceTree = "<group>"; };
		A17C17A71E98A3DE0033F669 /* ContactsUI.framework */ = {isa = PBXFileReference; lastKnownFileType = wrapper.framework; name = ContactsUI.framework; path = System/Library/Frameworks/ContactsUI.framework; sourceTree = SDKROOT; };
		A17C17E81E98DDEA0033F669 /* InviteFriendsTableViewcell.swift */ = {isa = PBXFileReference; fileEncoding = 4; lastKnownFileType = sourcecode.swift; path = InviteFriendsTableViewcell.swift; sourceTree = "<group>"; };
		A17D70371E9617E300D730FE /* GoogleService-Info.plist */ = {isa = PBXFileReference; fileEncoding = 4; lastKnownFileType = text.plist.xml; path = "GoogleService-Info.plist"; sourceTree = "<group>"; };
		A17D70391E9624AB00D730FE /* ForgotPasswordVC.swift */ = {isa = PBXFileReference; fileEncoding = 4; lastKnownFileType = sourcecode.swift; path = ForgotPasswordVC.swift; sourceTree = "<group>"; };
		A17D703B1E9633BC00D730FE /* LocationVC.swift */ = {isa = PBXFileReference; fileEncoding = 4; lastKnownFileType = sourcecode.swift; path = LocationVC.swift; sourceTree = "<group>"; };
		A17D703E1E9634C000D730FE /* InvitationsScreenTableViewCell.swift */ = {isa = PBXFileReference; fileEncoding = 4; lastKnownFileType = sourcecode.swift; path = InvitationsScreenTableViewCell.swift; sourceTree = "<group>"; };
		A18727CE1E975C32008CBA77 /* EventsAlamofireIntegration.swift */ = {isa = PBXFileReference; fileEncoding = 4; lastKnownFileType = sourcecode.swift; path = EventsAlamofireIntegration.swift; sourceTree = "<group>"; };
		A1D063B01E97C027004BF404 /* MapViewVC.swift */ = {isa = PBXFileReference; fileEncoding = 4; lastKnownFileType = sourcecode.swift; path = MapViewVC.swift; sourceTree = "<group>"; };
		A1D063B21E97C368004BF404 /* Contacts.framework */ = {isa = PBXFileReference; lastKnownFileType = wrapper.framework; name = Contacts.framework; path = System/Library/Frameworks/Contacts.framework; sourceTree = SDKROOT; };
		C0A00B5EC1AAE01FA57C8022 /* Pods_cityfamUITests.framework */ = {isa = PBXFileReference; explicitFileType = wrapper.framework; includeInIndex = 0; path = Pods_cityfamUITests.framework; sourceTree = BUILT_PRODUCTS_DIR; };
		DB705ACBA8A558DB8BB929BF /* Pods_cityfam.framework */ = {isa = PBXFileReference; explicitFileType = wrapper.framework; includeInIndex = 0; path = Pods_cityfam.framework; sourceTree = BUILT_PRODUCTS_DIR; };
		E66AE9768B56EDAFE3162053 /* Pods-cityfamTests.debug.xcconfig */ = {isa = PBXFileReference; includeInIndex = 1; lastKnownFileType = text.xcconfig; name = "Pods-cityfamTests.debug.xcconfig"; path = "Pods/Target Support Files/Pods-cityfamTests/Pods-cityfamTests.debug.xcconfig"; sourceTree = "<group>"; };
		EAA53D3085126ABA04058E83 /* Pods_cityfamTests.framework */ = {isa = PBXFileReference; explicitFileType = wrapper.framework; includeInIndex = 0; path = Pods_cityfamTests.framework; sourceTree = BUILT_PRODUCTS_DIR; };
/* End PBXFileReference section */

/* Begin PBXFrameworksBuildPhase section */
		0700D8F31E556D2200DC9928 /* Frameworks */ = {
			isa = PBXFrameworksBuildPhase;
			buildActionMask = 2147483647;
			files = (
				A17C17A81E98A3DE0033F669 /* ContactsUI.framework in Frameworks */,
				A1D063B31E97C368004BF404 /* Contacts.framework in Frameworks */,
				4DBC018DAEB12F70CCFCCFC7 /* Pods_cityfam.framework in Frameworks */,
			);
			runOnlyForDeploymentPostprocessing = 0;
		};
		0700D9071E556D2300DC9928 /* Frameworks */ = {
			isa = PBXFrameworksBuildPhase;
			buildActionMask = 2147483647;
			files = (
				C713ABEF1FCA1145E03B12AE /* Pods_cityfamTests.framework in Frameworks */,
			);
			runOnlyForDeploymentPostprocessing = 0;
		};
		0700D9121E556D2300DC9928 /* Frameworks */ = {
			isa = PBXFrameworksBuildPhase;
			buildActionMask = 2147483647;
			files = (
				E8995F75844FEAEA759543F2 /* Pods_cityfamUITests.framework in Frameworks */,
			);
			runOnlyForDeploymentPostprocessing = 0;
		};
/* End PBXFrameworksBuildPhase section */

/* Begin PBXGroup section */
		0700D8ED1E556D2100DC9928 = {
			isa = PBXGroup;
			children = (
				0700D8F81E556D2200DC9928 /* cityfam */,
				0700D90D1E556D2300DC9928 /* cityfamTests */,
				0700D9181E556D2300DC9928 /* cityfamUITests */,
				0700D8F71E556D2200DC9928 /* Products */,
				93D70C8FB48F6FB66B97FD1E /* Pods */,
				2107714A2BAF8F23F11DB78A /* Frameworks */,
			);
			sourceTree = "<group>";
		};
		0700D8F71E556D2200DC9928 /* Products */ = {
			isa = PBXGroup;
			children = (
				0700D8F61E556D2200DC9928 /* cityfam.app */,
				0700D90A1E556D2300DC9928 /* cityfamTests.xctest */,
				0700D9151E556D2300DC9928 /* cityfamUITests.xctest */,
			);
			name = Products;
			sourceTree = "<group>";
		};
		0700D8F81E556D2200DC9928 /* cityfam */ = {
			isa = PBXGroup;
			children = (
				A17D703D1E9633ED00D730FE /* CustomCellClasses */,
				A1761C621E94BA390079E269 /* CommonClasses */,
				07F7A1131E60692D00448FFF /* homePic.png */,
				07D461551E64353C00691B46 /* user.png */,
				07F7A1121E60495000448FFF /* Fonts */,
				0700D93E1E556E0500DC9928 /* Wrappers */,
				0700D93C1E556DD000DC9928 /* LiveRenderingClasses */,
				0700D92F1E556DA000DC9928 /* UIObjectsFontSizeClasses */,
				0700D93D1E556DE400DC9928 /* ViewControllerClasses */,
				0700D8FD1E556D2200DC9928 /* Main.storyboard */,
				0700D9001E556D2200DC9928 /* Assets.xcassets */,
				0700D9021E556D2200DC9928 /* LaunchScreen.storyboard */,
				0700D9051E556D2200DC9928 /* Info.plist */,
				0700D9451E55725C00DC9928 /* cityfam-Bridging-Header.h */,
				A17D703B1E9633BC00D730FE /* LocationVC.swift */,
			);
			path = cityfam;
			sourceTree = "<group>";
		};
		0700D90D1E556D2300DC9928 /* cityfamTests */ = {
			isa = PBXGroup;
			children = (
				0700D90E1E556D2300DC9928 /* cityfamTests.swift */,
				0700D9101E556D2300DC9928 /* Info.plist */,
			);
			path = cityfamTests;
			sourceTree = "<group>";
		};
		0700D9181E556D2300DC9928 /* cityfamUITests */ = {
			isa = PBXGroup;
			children = (
				0700D9191E556D2300DC9928 /* cityfamUITests.swift */,
				0700D91B1E556D2400DC9928 /* Info.plist */,
			);
			path = cityfamUITests;
			sourceTree = "<group>";
		};
		0700D92F1E556DA000DC9928 /* UIObjectsFontSizeClasses */ = {
			isa = PBXGroup;
			children = (
				0700D9271E556D9300DC9928 /* UIButtonFontSize.swift */,
				0700D9281E556D9300DC9928 /* UILabelFontSize.swift */,
				0700D9291E556D9300DC9928 /* UITextFieldFontSize.swift */,
			);
			name = UIObjectsFontSizeClasses;
			sourceTree = "<group>";
		};
		0700D93C1E556DD000DC9928 /* LiveRenderingClasses */ = {
			isa = PBXGroup;
			children = (
				0700D9301E556DC900DC9928 /* UIButtonCustomClass.swift */,
				0700D9311E556DC900DC9928 /* UILabelCustomClass.swift */,
				0700D9321E556DC900DC9928 /* UIViewCustomClass.swift */,
				0700D9331E556DC900DC9928 /* UIImageViewCustomClass.swift */,
				0700D9341E556DC900DC9928 /* UITextFieldCustomClass.swift */,
			);
			name = LiveRenderingClasses;
			sourceTree = "<group>";
		};
		0700D93D1E556DE400DC9928 /* ViewControllerClasses */ = {
			isa = PBXGroup;
			children = (
				0700D8FB1E556D2200DC9928 /* LogInVC.swift */,
				078633EA1E65680C00680A1C /* SignupVC.swift */,
				078633EC1E65688400680A1C /* TabBarControllerVC.swift */,
				078633EE1E6568B800680A1C /* HomePageVC.swift */,
				07254B5D1E6804B9009417BA /* ProfileVC.swift */,
				07254B651E68140D009417BA /* MyGroupsVC.swift */,
				07254B691E681490009417BA /* GroupDetailVC.swift */,
				07254B6B1E682FBF009417BA /* AddPeopleVC.swift */,
				07254B671E681435009417BA /* MyPlansVC.swift */,
				07254B5F1E6804DA009417BA /* EditProfileVC.swift */,
				07254B611E6804F1009417BA /* SettingsVC.swift */,
				07254B6D1E6838FF009417BA /* InviteFriendsVC.swift */,
				07254B631E680500009417BA /* ManageNotificationsVC.swift */,
				07F057D91E6694BB008B8120 /* EventDetailVC.swift */,
				07F057E01E66DF94008B8120 /* AttendingVC.swift */,
				07F057E21E66DFC9008B8120 /* InvitedVC.swift */,
				07F057E41E66DFDD008B8120 /* InterestedVC.swift */,
				07F057E61E66DFF1008B8120 /* CommentsVC.swift */,
				07F057DC1E66D76E008B8120 /* FilterEventsVC.swift */,
				07F057DE1E66D792008B8120 /* NotificationsVC.swift */,
				078633F01E6568D500680A1C /* ActivityVC.swift */,
				078633F21E6568ED00680A1C /* CreateEventVC.swift */,
				078633F41E65690B00680A1C /* FriendsVC.swift */,
				078633F61E656EAE00680A1C /* InvitationsVC.swift */,
				07AE60BC1E6D9384006F39F0 /* SearchLocationVC.swift */,
				07AE60BE1E6D93AD006F39F0 /* MessagesVC.swift */,
				A17D70391E9624AB00D730FE /* ForgotPasswordVC.swift */,
				A1D063B01E97C027004BF404 /* MapViewVC.swift */,
				A17B65981E9B6D5A001893CF /* EventsListVC.swift */,
			);
			name = ViewControllerClasses;
			sourceTree = "<group>";
		};
		0700D93E1E556E0500DC9928 /* Wrappers */ = {
			isa = PBXGroup;
			children = (
				0700D93F1E556E2100DC9928 /* AlamofireIntegration.swift */,
				0700D9411E556EF300DC9928 /* FacebookIntegration.swift */,
				0700D9421E556EF300DC9928 /* GoogleSignInIntegration.swift */,
				A18727CE1E975C32008CBA77 /* EventsAlamofireIntegration.swift */,
			);
			name = Wrappers;
			sourceTree = "<group>";
		};
		07F7A1121E60495000448FFF /* Fonts */ = {
			isa = PBXGroup;
			children = (
				074E19441E66F93A009FC7D4 /* icomoon.ttf */,
				07F7A10F1E60493F00448FFF /* Mark Simonson - Proxima Nova Regular.otf */,
				07F7A1101E60493F00448FFF /* ProximaNova-Bold.otf */,
				07F7A1111E60493F00448FFF /* ufonts.com_gotham-medium_0.ttf */,
			);
			name = Fonts;
			sourceTree = "<group>";
		};
		2107714A2BAF8F23F11DB78A /* Frameworks */ = {
			isa = PBXGroup;
			children = (
				A17C17A71E98A3DE0033F669 /* ContactsUI.framework */,
				A1D063B21E97C368004BF404 /* Contacts.framework */,
				DB705ACBA8A558DB8BB929BF /* Pods_cityfam.framework */,
				EAA53D3085126ABA04058E83 /* Pods_cityfamTests.framework */,
				C0A00B5EC1AAE01FA57C8022 /* Pods_cityfamUITests.framework */,
			);
			name = Frameworks;
			sourceTree = "<group>";
		};
		93D70C8FB48F6FB66B97FD1E /* Pods */ = {
			isa = PBXGroup;
			children = (
				643E1FBFA6054261D01F45A5 /* Pods-cityfam.debug.xcconfig */,
				952B1B0427C8157F4B1B6ED3 /* Pods-cityfam.release.xcconfig */,
				E66AE9768B56EDAFE3162053 /* Pods-cityfamTests.debug.xcconfig */,
				863E99728436B5DED6101934 /* Pods-cityfamTests.release.xcconfig */,
				2CC3B0BCFDD11F21F62E4FF4 /* Pods-cityfamUITests.debug.xcconfig */,
				4F17D8FEDE7F00ED7824DE5C /* Pods-cityfamUITests.release.xcconfig */,
			);
			name = Pods;
			sourceTree = "<group>";
		};
		A1761C621E94BA390079E269 /* CommonClasses */ = {
			isa = PBXGroup;
			children = (
				07C34C511E810B0900A9699C /* Constant.swift */,
				0700D8F91E556D2200DC9928 /* AppDelegate.swift */,
				A17D70371E9617E300D730FE /* GoogleService-Info.plist */,
				A1761C631E94BAA10079E269 /* Strings.swift */,
				A1761C651E94C14C0079E269 /* CommonFxns.swift */,
			);
			name = CommonClasses;
			sourceTree = "<group>";
		};
		A17D703D1E9633ED00D730FE /* CustomCellClasses */ = {
			isa = PBXGroup;
			children = (
				07F057D71E669361008B8120 /* HomePageTableViewCell.swift */,
				A17D703E1E9634C000D730FE /* InvitationsScreenTableViewCell.swift */,
				A17C17E81E98DDEA0033F669 /* InviteFriendsTableViewcell.swift */,
				A17B65961E9B6CC3001893CF /* EventsListTableViewCell.swift */,
				A154BAFF1E9CB1C600E3727F /* EventDetailTypeOfUsersTableViewCell.swift */,
				A154BB011E9CE3F700E3727F /* AttendingVcTableViewCell.swift */,
				A154BB031E9CE40D00E3727F /* InvitedVcTableViewCell.swift */,
				A154BB051E9CE41A00E3727F /* InterestedVcTableViewCell.swift */,
			);
			name = CustomCellClasses;
			sourceTree = "<group>";
		};
/* End PBXGroup section */

/* Begin PBXNativeTarget section */
		0700D8F51E556D2200DC9928 /* cityfam */ = {
			isa = PBXNativeTarget;
			buildConfigurationList = 0700D91E1E556D2400DC9928 /* Build configuration list for PBXNativeTarget "cityfam" */;
			buildPhases = (
				A0339D13300D698830E049F5 /* [CP] Check Pods Manifest.lock */,
				0700D8F21E556D2200DC9928 /* Sources */,
				0700D8F31E556D2200DC9928 /* Frameworks */,
				0700D8F41E556D2200DC9928 /* Resources */,
				9916FE03921FABB82A8F4545 /* [CP] Embed Pods Frameworks */,
				10F81F1686C6BE232C088D6E /* [CP] Copy Pods Resources */,
			);
			buildRules = (
			);
			dependencies = (
			);
			name = cityfam;
			productName = cityfam;
			productReference = 0700D8F61E556D2200DC9928 /* cityfam.app */;
			productType = "com.apple.product-type.application";
		};
		0700D9091E556D2300DC9928 /* cityfamTests */ = {
			isa = PBXNativeTarget;
			buildConfigurationList = 0700D9211E556D2400DC9928 /* Build configuration list for PBXNativeTarget "cityfamTests" */;
			buildPhases = (
				7005A631B1CE469499EBAE31 /* [CP] Check Pods Manifest.lock */,
				0700D9061E556D2300DC9928 /* Sources */,
				0700D9071E556D2300DC9928 /* Frameworks */,
				0700D9081E556D2300DC9928 /* Resources */,
				A5870DFA1BF85D400F7C5BA0 /* [CP] Embed Pods Frameworks */,
				38CBA3ACE751C3397A154F6B /* [CP] Copy Pods Resources */,
			);
			buildRules = (
			);
			dependencies = (
				0700D90C1E556D2300DC9928 /* PBXTargetDependency */,
			);
			name = cityfamTests;
			productName = cityfamTests;
			productReference = 0700D90A1E556D2300DC9928 /* cityfamTests.xctest */;
			productType = "com.apple.product-type.bundle.unit-test";
		};
		0700D9141E556D2300DC9928 /* cityfamUITests */ = {
			isa = PBXNativeTarget;
			buildConfigurationList = 0700D9241E556D2400DC9928 /* Build configuration list for PBXNativeTarget "cityfamUITests" */;
			buildPhases = (
				04164123B4BA2A211622096E /* [CP] Check Pods Manifest.lock */,
				0700D9111E556D2300DC9928 /* Sources */,
				0700D9121E556D2300DC9928 /* Frameworks */,
				0700D9131E556D2300DC9928 /* Resources */,
				42DD89A23AA50D0CB20197CD /* [CP] Embed Pods Frameworks */,
				983BCEBB0179A461B24F5806 /* [CP] Copy Pods Resources */,
			);
			buildRules = (
			);
			dependencies = (
				0700D9171E556D2300DC9928 /* PBXTargetDependency */,
			);
			name = cityfamUITests;
			productName = cityfamUITests;
			productReference = 0700D9151E556D2300DC9928 /* cityfamUITests.xctest */;
			productType = "com.apple.product-type.bundle.ui-testing";
		};
/* End PBXNativeTarget section */

/* Begin PBXProject section */
		0700D8EE1E556D2100DC9928 /* Project object */ = {
			isa = PBXProject;
			attributes = {
				LastSwiftUpdateCheck = 0820;
				LastUpgradeCheck = 0820;
				ORGANIZATIONNAME = "Piyush Gupta";
				TargetAttributes = {
					0700D8F51E556D2200DC9928 = {
						CreatedOnToolsVersion = 8.2.1;
						DevelopmentTeam = 854539W674;
						LastSwiftMigration = 0820;
						ProvisioningStyle = Manual;
					};
					0700D9091E556D2300DC9928 = {
						CreatedOnToolsVersion = 8.2.1;
						DevelopmentTeam = 854539W674;
						ProvisioningStyle = Automatic;
						TestTargetID = 0700D8F51E556D2200DC9928;
					};
					0700D9141E556D2300DC9928 = {
						CreatedOnToolsVersion = 8.2.1;
						DevelopmentTeam = 854539W674;
						ProvisioningStyle = Automatic;
						TestTargetID = 0700D8F51E556D2200DC9928;
					};
				};
			};
			buildConfigurationList = 0700D8F11E556D2200DC9928 /* Build configuration list for PBXProject "cityfam" */;
			compatibilityVersion = "Xcode 3.2";
			developmentRegion = English;
			hasScannedForEncodings = 0;
			knownRegions = (
				en,
				Base,
			);
			mainGroup = 0700D8ED1E556D2100DC9928;
			productRefGroup = 0700D8F71E556D2200DC9928 /* Products */;
			projectDirPath = "";
			projectRoot = "";
			targets = (
				0700D8F51E556D2200DC9928 /* cityfam */,
				0700D9091E556D2300DC9928 /* cityfamTests */,
				0700D9141E556D2300DC9928 /* cityfamUITests */,
			);
		};
/* End PBXProject section */

/* Begin PBXResourcesBuildPhase section */
		0700D8F41E556D2200DC9928 /* Resources */ = {
			isa = PBXResourcesBuildPhase;
			buildActionMask = 2147483647;
			files = (
				A17D70401E9637D800D730FE /* Mark Simonson - Proxima Nova Regular.otf in Resources */,
				A17D70411E9637D800D730FE /* ProximaNova-Bold.otf in Resources */,
				A17D70421E9637D800D730FE /* ufonts.com_gotham-medium_0.ttf in Resources */,
				0700D9041E556D2200DC9928 /* LaunchScreen.storyboard in Resources */,
				07D461561E64353C00691B46 /* user.png in Resources */,
				0700D9011E556D2200DC9928 /* Assets.xcassets in Resources */,
				074E19451E66F93A009FC7D4 /* icomoon.ttf in Resources */,
				07F7A1141E60692D00448FFF /* homePic.png in Resources */,
				0700D8FF1E556D2200DC9928 /* Main.storyboard in Resources */,
				A17D70381E9617E300D730FE /* GoogleService-Info.plist in Resources */,
			);
			runOnlyForDeploymentPostprocessing = 0;
		};
		0700D9081E556D2300DC9928 /* Resources */ = {
			isa = PBXResourcesBuildPhase;
			buildActionMask = 2147483647;
			files = (
			);
			runOnlyForDeploymentPostprocessing = 0;
		};
		0700D9131E556D2300DC9928 /* Resources */ = {
			isa = PBXResourcesBuildPhase;
			buildActionMask = 2147483647;
			files = (
			);
			runOnlyForDeploymentPostprocessing = 0;
		};
/* End PBXResourcesBuildPhase section */

/* Begin PBXShellScriptBuildPhase section */
		04164123B4BA2A211622096E /* [CP] Check Pods Manifest.lock */ = {
			isa = PBXShellScriptBuildPhase;
			buildActionMask = 2147483647;
			files = (
			);
			inputPaths = (
			);
			name = "[CP] Check Pods Manifest.lock";
			outputPaths = (
			);
			runOnlyForDeploymentPostprocessing = 0;
			shellPath = /bin/sh;
			shellScript = "diff \"${PODS_ROOT}/../Podfile.lock\" \"${PODS_ROOT}/Manifest.lock\" > /dev/null\nif [ $? != 0 ] ; then\n    # print error to STDERR\n    echo \"error: The sandbox is not in sync with the Podfile.lock. Run 'pod install' or update your CocoaPods installation.\" >&2\n    exit 1\nfi\n";
			showEnvVarsInLog = 0;
		};
		10F81F1686C6BE232C088D6E /* [CP] Copy Pods Resources */ = {
			isa = PBXShellScriptBuildPhase;
			buildActionMask = 2147483647;
			files = (
			);
			inputPaths = (
			);
			name = "[CP] Copy Pods Resources";
			outputPaths = (
			);
			runOnlyForDeploymentPostprocessing = 0;
			shellPath = /bin/sh;
			shellScript = "\"${SRCROOT}/Pods/Target Support Files/Pods-cityfam/Pods-cityfam-resources.sh\"\n";
			showEnvVarsInLog = 0;
		};
		38CBA3ACE751C3397A154F6B /* [CP] Copy Pods Resources */ = {
			isa = PBXShellScriptBuildPhase;
			buildActionMask = 2147483647;
			files = (
			);
			inputPaths = (
			);
			name = "[CP] Copy Pods Resources";
			outputPaths = (
			);
			runOnlyForDeploymentPostprocessing = 0;
			shellPath = /bin/sh;
			shellScript = "\"${SRCROOT}/Pods/Target Support Files/Pods-cityfamTests/Pods-cityfamTests-resources.sh\"\n";
			showEnvVarsInLog = 0;
		};
		42DD89A23AA50D0CB20197CD /* [CP] Embed Pods Frameworks */ = {
			isa = PBXShellScriptBuildPhase;
			buildActionMask = 2147483647;
			files = (
			);
			inputPaths = (
			);
			name = "[CP] Embed Pods Frameworks";
			outputPaths = (
			);
			runOnlyForDeploymentPostprocessing = 0;
			shellPath = /bin/sh;
			shellScript = "\"${SRCROOT}/Pods/Target Support Files/Pods-cityfamUITests/Pods-cityfamUITests-frameworks.sh\"\n";
			showEnvVarsInLog = 0;
		};
		7005A631B1CE469499EBAE31 /* [CP] Check Pods Manifest.lock */ = {
			isa = PBXShellScriptBuildPhase;
			buildActionMask = 2147483647;
			files = (
			);
			inputPaths = (
			);
			name = "[CP] Check Pods Manifest.lock";
			outputPaths = (
			);
			runOnlyForDeploymentPostprocessing = 0;
			shellPath = /bin/sh;
			shellScript = "diff \"${PODS_ROOT}/../Podfile.lock\" \"${PODS_ROOT}/Manifest.lock\" > /dev/null\nif [ $? != 0 ] ; then\n    # print error to STDERR\n    echo \"error: The sandbox is not in sync with the Podfile.lock. Run 'pod install' or update your CocoaPods installation.\" >&2\n    exit 1\nfi\n";
			showEnvVarsInLog = 0;
		};
		983BCEBB0179A461B24F5806 /* [CP] Copy Pods Resources */ = {
			isa = PBXShellScriptBuildPhase;
			buildActionMask = 2147483647;
			files = (
			);
			inputPaths = (
			);
			name = "[CP] Copy Pods Resources";
			outputPaths = (
			);
			runOnlyForDeploymentPostprocessing = 0;
			shellPath = /bin/sh;
			shellScript = "\"${SRCROOT}/Pods/Target Support Files/Pods-cityfamUITests/Pods-cityfamUITests-resources.sh\"\n";
			showEnvVarsInLog = 0;
		};
		9916FE03921FABB82A8F4545 /* [CP] Embed Pods Frameworks */ = {
			isa = PBXShellScriptBuildPhase;
			buildActionMask = 2147483647;
			files = (
			);
			inputPaths = (
			);
			name = "[CP] Embed Pods Frameworks";
			outputPaths = (
			);
			runOnlyForDeploymentPostprocessing = 0;
			shellPath = /bin/sh;
			shellScript = "\"${SRCROOT}/Pods/Target Support Files/Pods-cityfam/Pods-cityfam-frameworks.sh\"\n";
			showEnvVarsInLog = 0;
		};
		A0339D13300D698830E049F5 /* [CP] Check Pods Manifest.lock */ = {
			isa = PBXShellScriptBuildPhase;
			buildActionMask = 2147483647;
			files = (
			);
			inputPaths = (
			);
			name = "[CP] Check Pods Manifest.lock";
			outputPaths = (
			);
			runOnlyForDeploymentPostprocessing = 0;
			shellPath = /bin/sh;
			shellScript = "diff \"${PODS_ROOT}/../Podfile.lock\" \"${PODS_ROOT}/Manifest.lock\" > /dev/null\nif [ $? != 0 ] ; then\n    # print error to STDERR\n    echo \"error: The sandbox is not in sync with the Podfile.lock. Run 'pod install' or update your CocoaPods installation.\" >&2\n    exit 1\nfi\n";
			showEnvVarsInLog = 0;
		};
		A5870DFA1BF85D400F7C5BA0 /* [CP] Embed Pods Frameworks */ = {
			isa = PBXShellScriptBuildPhase;
			buildActionMask = 2147483647;
			files = (
			);
			inputPaths = (
			);
			name = "[CP] Embed Pods Frameworks";
			outputPaths = (
			);
			runOnlyForDeploymentPostprocessing = 0;
			shellPath = /bin/sh;
			shellScript = "\"${SRCROOT}/Pods/Target Support Files/Pods-cityfamTests/Pods-cityfamTests-frameworks.sh\"\n";
			showEnvVarsInLog = 0;
		};
/* End PBXShellScriptBuildPhase section */

/* Begin PBXSourcesBuildPhase section */
		0700D8F21E556D2200DC9928 /* Sources */ = {
			isa = PBXSourcesBuildPhase;
			buildActionMask = 2147483647;
			files = (
				0700D92C1E556D9300DC9928 /* UILabelFontSize.swift in Sources */,
				07254B681E681435009417BA /* MyPlansVC.swift in Sources */,
				07F057D81E669361008B8120 /* HomePageTableViewCell.swift in Sources */,
				07254B6C1E682FBF009417BA /* AddPeopleVC.swift in Sources */,
				078633F51E65690B00680A1C /* FriendsVC.swift in Sources */,
				07254B661E68140E009417BA /* MyGroupsVC.swift in Sources */,
				A18727CF1E975C32008CBA77 /* EventsAlamofireIntegration.swift in Sources */,
				A154BB021E9CE3F700E3727F /* AttendingVcTableViewCell.swift in Sources */,
				A17B65971E9B6CC3001893CF /* EventsListTableViewCell.swift in Sources */,
				07254B5E1E6804BA009417BA /* ProfileVC.swift in Sources */,
				0700D93A1E556DC900DC9928 /* UITextFieldCustomClass.swift in Sources */,
				07F057E31E66DFC9008B8120 /* InvitedVC.swift in Sources */,
				A17D703C1E9633BC00D730FE /* LocationVC.swift in Sources */,
				07F057DA1E6694BB008B8120 /* EventDetailVC.swift in Sources */,
				0700D9371E556DC900DC9928 /* UILabelCustomClass.swift in Sources */,
				A154BB061E9CE41A00E3727F /* InterestedVcTableViewCell.swift in Sources */,
				078633F31E6568ED00680A1C /* CreateEventVC.swift in Sources */,
				A154BB041E9CE40D00E3727F /* InvitedVcTableViewCell.swift in Sources */,
				0700D8FC1E556D2200DC9928 /* LogInVC.swift in Sources */,
				07254B601E6804DA009417BA /* EditProfileVC.swift in Sources */,
				0700D9441E556EF300DC9928 /* GoogleSignInIntegration.swift in Sources */,
				0700D92B1E556D9300DC9928 /* UIButtonFontSize.swift in Sources */,
				A1D063B11E97C027004BF404 /* MapViewVC.swift in Sources */,
				078633F11E6568D500680A1C /* ActivityVC.swift in Sources */,
				0700D8FA1E556D2200DC9928 /* AppDelegate.swift in Sources */,
				078633ED1E65688400680A1C /* TabBarControllerVC.swift in Sources */,
				0700D92D1E556D9300DC9928 /* UITextFieldFontSize.swift in Sources */,
				078633EB1E65680C00680A1C /* SignupVC.swift in Sources */,
				A1761C661E94C14C0079E269 /* CommonFxns.swift in Sources */,
				07254B641E680500009417BA /* ManageNotificationsVC.swift in Sources */,
				07254B621E6804F1009417BA /* SettingsVC.swift in Sources */,
				07F057E11E66DF95008B8120 /* AttendingVC.swift in Sources */,
				07254B6A1E681490009417BA /* GroupDetailVC.swift in Sources */,
				078633EF1E6568B800680A1C /* HomePageVC.swift in Sources */,
				07F057DD1E66D76F008B8120 /* FilterEventsVC.swift in Sources */,
				07C34C521E810B0900A9699C /* Constant.swift in Sources */,
				A17C17E91E98DDEA0033F669 /* InviteFriendsTableViewcell.swift in Sources */,
				0700D9401E556E2100DC9928 /* AlamofireIntegration.swift in Sources */,
				078633F71E656EAE00680A1C /* InvitationsVC.swift in Sources */,
				07254B6E1E6838FF009417BA /* InviteFriendsVC.swift in Sources */,
				07F057E51E66DFDD008B8120 /* InterestedVC.swift in Sources */,
				A17D703F1E9634C000D730FE /* InvitationsScreenTableViewCell.swift in Sources */,
				A17D703A1E9624AB00D730FE /* ForgotPasswordVC.swift in Sources */,
				A1761C641E94BAA10079E269 /* Strings.swift in Sources */,
				07F057DF1E66D792008B8120 /* NotificationsVC.swift in Sources */,
				0700D9361E556DC900DC9928 /* UIButtonCustomClass.swift in Sources */,
				07AE60BF1E6D93AD006F39F0 /* MessagesVC.swift in Sources */,
				0700D9391E556DC900DC9928 /* UIImageViewCustomClass.swift in Sources */,
				0700D9431E556EF300DC9928 /* FacebookIntegration.swift in Sources */,
				A154BB001E9CB1C600E3727F /* EventDetailTypeOfUsersTableViewCell.swift in Sources */,
				07AE60BD1E6D9386006F39F0 /* SearchLocationVC.swift in Sources */,
				07F057E71E66DFF1008B8120 /* CommentsVC.swift in Sources */,
				0700D9381E556DC900DC9928 /* UIViewCustomClass.swift in Sources */,
				A17B65991E9B6D5A001893CF /* EventsListVC.swift in Sources */,
			);
			runOnlyForDeploymentPostprocessing = 0;
		};
		0700D9061E556D2300DC9928 /* Sources */ = {
			isa = PBXSourcesBuildPhase;
			buildActionMask = 2147483647;
			files = (
				0700D90F1E556D2300DC9928 /* cityfamTests.swift in Sources */,
			);
			runOnlyForDeploymentPostprocessing = 0;
		};
		0700D9111E556D2300DC9928 /* Sources */ = {
			isa = PBXSourcesBuildPhase;
			buildActionMask = 2147483647;
			files = (
				0700D91A1E556D2300DC9928 /* cityfamUITests.swift in Sources */,
			);
			runOnlyForDeploymentPostprocessing = 0;
		};
/* End PBXSourcesBuildPhase section */

/* Begin PBXTargetDependency section */
		0700D90C1E556D2300DC9928 /* PBXTargetDependency */ = {
			isa = PBXTargetDependency;
			target = 0700D8F51E556D2200DC9928 /* cityfam */;
			targetProxy = 0700D90B1E556D2300DC9928 /* PBXContainerItemProxy */;
		};
		0700D9171E556D2300DC9928 /* PBXTargetDependency */ = {
			isa = PBXTargetDependency;
			target = 0700D8F51E556D2200DC9928 /* cityfam */;
			targetProxy = 0700D9161E556D2300DC9928 /* PBXContainerItemProxy */;
		};
/* End PBXTargetDependency section */

/* Begin PBXVariantGroup section */
		0700D8FD1E556D2200DC9928 /* Main.storyboard */ = {
			isa = PBXVariantGroup;
			children = (
				0700D8FE1E556D2200DC9928 /* Base */,
			);
			name = Main.storyboard;
			sourceTree = "<group>";
		};
		0700D9021E556D2200DC9928 /* LaunchScreen.storyboard */ = {
			isa = PBXVariantGroup;
			children = (
				0700D9031E556D2200DC9928 /* Base */,
			);
			name = LaunchScreen.storyboard;
			sourceTree = "<group>";
		};
/* End PBXVariantGroup section */

/* Begin XCBuildConfiguration section */
		0700D91C1E556D2400DC9928 /* Debug */ = {
			isa = XCBuildConfiguration;
			buildSettings = {
				ALWAYS_SEARCH_USER_PATHS = NO;
				CLANG_ANALYZER_NONNULL = YES;
				CLANG_CXX_LANGUAGE_STANDARD = "gnu++0x";
				CLANG_CXX_LIBRARY = "libc++";
				CLANG_ENABLE_MODULES = YES;
				CLANG_ENABLE_OBJC_ARC = YES;
				CLANG_WARN_BOOL_CONVERSION = YES;
				CLANG_WARN_CONSTANT_CONVERSION = YES;
				CLANG_WARN_DIRECT_OBJC_ISA_USAGE = YES_ERROR;
				CLANG_WARN_DOCUMENTATION_COMMENTS = YES;
				CLANG_WARN_EMPTY_BODY = YES;
				CLANG_WARN_ENUM_CONVERSION = YES;
				CLANG_WARN_INFINITE_RECURSION = YES;
				CLANG_WARN_INT_CONVERSION = YES;
				CLANG_WARN_OBJC_ROOT_CLASS = YES_ERROR;
				CLANG_WARN_SUSPICIOUS_MOVE = YES;
				CLANG_WARN_UNREACHABLE_CODE = YES;
				CLANG_WARN__DUPLICATE_METHOD_MATCH = YES;
				CODE_SIGN_IDENTITY = "iPhone Developer: Piyush Gupta (52M6T9CGB9)";
				"CODE_SIGN_IDENTITY[sdk=iphoneos*]" = "iPhone Developer: Piyush Gupta (52M6T9CGB9)";
				COPY_PHASE_STRIP = NO;
				DEBUG_INFORMATION_FORMAT = dwarf;
				DEVELOPMENT_TEAM = 854539W674;
				ENABLE_STRICT_OBJC_MSGSEND = YES;
				ENABLE_TESTABILITY = YES;
				GCC_C_LANGUAGE_STANDARD = gnu99;
				GCC_DYNAMIC_NO_PIC = NO;
				GCC_NO_COMMON_BLOCKS = YES;
				GCC_OPTIMIZATION_LEVEL = 0;
				GCC_PREPROCESSOR_DEFINITIONS = (
					"DEBUG=1",
					"$(inherited)",
				);
				GCC_WARN_64_TO_32_BIT_CONVERSION = YES;
				GCC_WARN_ABOUT_RETURN_TYPE = YES_ERROR;
				GCC_WARN_UNDECLARED_SELECTOR = YES;
				GCC_WARN_UNINITIALIZED_AUTOS = YES_AGGRESSIVE;
				GCC_WARN_UNUSED_FUNCTION = YES;
				GCC_WARN_UNUSED_VARIABLE = YES;
				IPHONEOS_DEPLOYMENT_TARGET = 10.2;
				MTL_ENABLE_DEBUG_INFO = YES;
				ONLY_ACTIVE_ARCH = YES;
				PROVISIONING_PROFILE = "deb9a6fd-b99a-4033-9844-5691c3d1a0cb";
				SDKROOT = iphoneos;
				SWIFT_ACTIVE_COMPILATION_CONDITIONS = DEBUG;
				SWIFT_OPTIMIZATION_LEVEL = "-Onone";
			};
			name = Debug;
		};
		0700D91D1E556D2400DC9928 /* Release */ = {
			isa = XCBuildConfiguration;
			buildSettings = {
				ALWAYS_SEARCH_USER_PATHS = NO;
				CLANG_ANALYZER_NONNULL = YES;
				CLANG_CXX_LANGUAGE_STANDARD = "gnu++0x";
				CLANG_CXX_LIBRARY = "libc++";
				CLANG_ENABLE_MODULES = YES;
				CLANG_ENABLE_OBJC_ARC = YES;
				CLANG_WARN_BOOL_CONVERSION = YES;
				CLANG_WARN_CONSTANT_CONVERSION = YES;
				CLANG_WARN_DIRECT_OBJC_ISA_USAGE = YES_ERROR;
				CLANG_WARN_DOCUMENTATION_COMMENTS = YES;
				CLANG_WARN_EMPTY_BODY = YES;
				CLANG_WARN_ENUM_CONVERSION = YES;
				CLANG_WARN_INFINITE_RECURSION = YES;
				CLANG_WARN_INT_CONVERSION = YES;
				CLANG_WARN_OBJC_ROOT_CLASS = YES_ERROR;
				CLANG_WARN_SUSPICIOUS_MOVE = YES;
				CLANG_WARN_UNREACHABLE_CODE = YES;
				CLANG_WARN__DUPLICATE_METHOD_MATCH = YES;
				CODE_SIGN_IDENTITY = "iPhone Developer: Piyush Gupta (52M6T9CGB9)";
				"CODE_SIGN_IDENTITY[sdk=iphoneos*]" = "iPhone Developer: Piyush Gupta (52M6T9CGB9)";
				COPY_PHASE_STRIP = NO;
				DEBUG_INFORMATION_FORMAT = "dwarf-with-dsym";
				DEVELOPMENT_TEAM = 854539W674;
				ENABLE_NS_ASSERTIONS = NO;
				ENABLE_STRICT_OBJC_MSGSEND = YES;
				GCC_C_LANGUAGE_STANDARD = gnu99;
				GCC_NO_COMMON_BLOCKS = YES;
				GCC_WARN_64_TO_32_BIT_CONVERSION = YES;
				GCC_WARN_ABOUT_RETURN_TYPE = YES_ERROR;
				GCC_WARN_UNDECLARED_SELECTOR = YES;
				GCC_WARN_UNINITIALIZED_AUTOS = YES_AGGRESSIVE;
				GCC_WARN_UNUSED_FUNCTION = YES;
				GCC_WARN_UNUSED_VARIABLE = YES;
				IPHONEOS_DEPLOYMENT_TARGET = 10.2;
				MTL_ENABLE_DEBUG_INFO = NO;
				PROVISIONING_PROFILE = "deb9a6fd-b99a-4033-9844-5691c3d1a0cb";
				SDKROOT = iphoneos;
				SWIFT_OPTIMIZATION_LEVEL = "-Owholemodule";
				VALIDATE_PRODUCT = YES;
			};
			name = Release;
		};
		0700D91F1E556D2400DC9928 /* Debug */ = {
			isa = XCBuildConfiguration;
			baseConfigurationReference = 643E1FBFA6054261D01F45A5 /* Pods-cityfam.debug.xcconfig */;
			buildSettings = {
				ASSETCATALOG_COMPILER_APPICON_NAME = AppIcon;
				CLANG_ENABLE_MODULES = YES;
				CODE_SIGN_IDENTITY = "iPhone Developer: Piyush Gupta (52M6T9CGB9)";
				"CODE_SIGN_IDENTITY[sdk=iphoneos*]" = "iPhone Developer: Piyush Gupta (52M6T9CGB9)";
				DEVELOPMENT_TEAM = 854539W674;
				INFOPLIST_FILE = cityfam/Info.plist;
				IPHONEOS_DEPLOYMENT_TARGET = 9.3;
				LD_RUNPATH_SEARCH_PATHS = "$(inherited) @executable_path/Frameworks";
				PRODUCT_BUNDLE_IDENTIFIER = com.imarkinfotech.CityFam;
				PRODUCT_NAME = "$(TARGET_NAME)";
				PROVISIONING_PROFILE_SPECIFIER = GENDevProfile;
				SWIFT_OBJC_BRIDGING_HEADER = "cityfam/cityfam-Bridging-Header.h";
				SWIFT_OPTIMIZATION_LEVEL = "-Onone";
				SWIFT_VERSION = 3.0;
			};
			name = Debug;
		};
		0700D9201E556D2400DC9928 /* Release */ = {
			isa = XCBuildConfiguration;
			baseConfigurationReference = 952B1B0427C8157F4B1B6ED3 /* Pods-cityfam.release.xcconfig */;
			buildSettings = {
				ASSETCATALOG_COMPILER_APPICON_NAME = AppIcon;
				CLANG_ENABLE_MODULES = YES;
				CODE_SIGN_IDENTITY = "iPhone Developer: Piyush Gupta (52M6T9CGB9)";
				"CODE_SIGN_IDENTITY[sdk=iphoneos*]" = "iPhone Developer: Piyush Gupta (52M6T9CGB9)";
				DEVELOPMENT_TEAM = 854539W674;
				INFOPLIST_FILE = cityfam/Info.plist;
				IPHONEOS_DEPLOYMENT_TARGET = 9.3;
				LD_RUNPATH_SEARCH_PATHS = "$(inherited) @executable_path/Frameworks";
				PRODUCT_BUNDLE_IDENTIFIER = com.imarkinfotech.CityFam;
				PRODUCT_NAME = "$(TARGET_NAME)";
				PROVISIONING_PROFILE_SPECIFIER = GENDevProfile;
				SWIFT_OBJC_BRIDGING_HEADER = "cityfam/cityfam-Bridging-Header.h";
				SWIFT_VERSION = 3.0;
			};
			name = Release;
		};
		0700D9221E556D2400DC9928 /* Debug */ = {
			isa = XCBuildConfiguration;
			baseConfigurationReference = E66AE9768B56EDAFE3162053 /* Pods-cityfamTests.debug.xcconfig */;
			buildSettings = {
				ALWAYS_EMBED_SWIFT_STANDARD_LIBRARIES = YES;
				BUNDLE_LOADER = "$(TEST_HOST)";
				INFOPLIST_FILE = cityfamTests/Info.plist;
				LD_RUNPATH_SEARCH_PATHS = "$(inherited) @executable_path/Frameworks @loader_path/Frameworks";
				PRODUCT_BUNDLE_IDENTIFIER = com.PiyushGupta.cityfamTests;
				PRODUCT_NAME = "$(TARGET_NAME)";
				SWIFT_VERSION = 3.0;
				TEST_HOST = "$(BUILT_PRODUCTS_DIR)/cityfam.app/cityfam";
			};
			name = Debug;
		};
		0700D9231E556D2400DC9928 /* Release */ = {
			isa = XCBuildConfiguration;
			baseConfigurationReference = 863E99728436B5DED6101934 /* Pods-cityfamTests.release.xcconfig */;
			buildSettings = {
				ALWAYS_EMBED_SWIFT_STANDARD_LIBRARIES = YES;
				BUNDLE_LOADER = "$(TEST_HOST)";
				INFOPLIST_FILE = cityfamTests/Info.plist;
				LD_RUNPATH_SEARCH_PATHS = "$(inherited) @executable_path/Frameworks @loader_path/Frameworks";
				PRODUCT_BUNDLE_IDENTIFIER = com.PiyushGupta.cityfamTests;
				PRODUCT_NAME = "$(TARGET_NAME)";
				SWIFT_VERSION = 3.0;
				TEST_HOST = "$(BUILT_PRODUCTS_DIR)/cityfam.app/cityfam";
			};
			name = Release;
		};
		0700D9251E556D2400DC9928 /* Debug */ = {
			isa = XCBuildConfiguration;
			baseConfigurationReference = 2CC3B0BCFDD11F21F62E4FF4 /* Pods-cityfamUITests.debug.xcconfig */;
			buildSettings = {
				ALWAYS_EMBED_SWIFT_STANDARD_LIBRARIES = YES;
				INFOPLIST_FILE = cityfamUITests/Info.plist;
				LD_RUNPATH_SEARCH_PATHS = "$(inherited) @executable_path/Frameworks @loader_path/Frameworks";
				PRODUCT_BUNDLE_IDENTIFIER = com.PiyushGupta.cityfamUITests;
				PRODUCT_NAME = "$(TARGET_NAME)";
				SWIFT_VERSION = 3.0;
				TEST_TARGET_NAME = cityfam;
			};
			name = Debug;
		};
		0700D9261E556D2400DC9928 /* Release */ = {
			isa = XCBuildConfiguration;
			baseConfigurationReference = 4F17D8FEDE7F00ED7824DE5C /* Pods-cityfamUITests.release.xcconfig */;
			buildSettings = {
				ALWAYS_EMBED_SWIFT_STANDARD_LIBRARIES = YES;
				INFOPLIST_FILE = cityfamUITests/Info.plist;
				LD_RUNPATH_SEARCH_PATHS = "$(inherited) @executable_path/Frameworks @loader_path/Frameworks";
				PRODUCT_BUNDLE_IDENTIFIER = com.PiyushGupta.cityfamUITests;
				PRODUCT_NAME = "$(TARGET_NAME)";
				SWIFT_VERSION = 3.0;
				TEST_TARGET_NAME = cityfam;
			};
			name = Release;
		};
/* End XCBuildConfiguration section */

/* Begin XCConfigurationList section */
		0700D8F11E556D2200DC9928 /* Build configuration list for PBXProject "cityfam" */ = {
			isa = XCConfigurationList;
			buildConfigurations = (
				0700D91C1E556D2400DC9928 /* Debug */,
				0700D91D1E556D2400DC9928 /* Release */,
			);
			defaultConfigurationIsVisible = 0;
			defaultConfigurationName = Release;
		};
		0700D91E1E556D2400DC9928 /* Build configuration list for PBXNativeTarget "cityfam" */ = {
			isa = XCConfigurationList;
			buildConfigurations = (
				0700D91F1E556D2400DC9928 /* Debug */,
				0700D9201E556D2400DC9928 /* Release */,
			);
			defaultConfigurationIsVisible = 0;
			defaultConfigurationName = Release;
		};
		0700D9211E556D2400DC9928 /* Build configuration list for PBXNativeTarget "cityfamTests" */ = {
			isa = XCConfigurationList;
			buildConfigurations = (
				0700D9221E556D2400DC9928 /* Debug */,
				0700D9231E556D2400DC9928 /* Release */,
			);
			defaultConfigurationIsVisible = 0;
			defaultConfigurationName = Release;
		};
		0700D9241E556D2400DC9928 /* Build configuration list for PBXNativeTarget "cityfamUITests" */ = {
			isa = XCConfigurationList;
			buildConfigurations = (
				0700D9251E556D2400DC9928 /* Debug */,
				0700D9261E556D2400DC9928 /* Release */,
			);
			defaultConfigurationIsVisible = 0;
			defaultConfigurationName = Release;
		};
/* End XCConfigurationList section */
	};
	rootObject = 0700D8EE1E556D2100DC9928 /* Project object */;
}
